
Microsoft Visual Studio Solution File, Format Version 12.00
# Visual Studio Version 17
VisualStudioVersion = 17.13.35931.197
MinimumVisualStudioVersion = 10.0.40219.1
Project("{FAE04EC0-301F-11D3-BF4B-00C04F79EFBC}") = "Interface", "Interface\Interface.csproj", "{2FF1BAE2-AD92-4683-AF28-25A2D5858D1A}"
EndProject
Project("{FAE04EC0-301F-11D3-BF4B-00C04F79EFBC}") = "Inheritance", "Inheritance\Inheritance.csproj", "{4D10A393-316B-4F52-9A70-253B62957ECF}"
EndProject
Project("{FAE04EC0-301F-11D3-BF4B-00C04F79EFBC}") = "Polymorphism", "Polymorphism\Polymorphism.csproj", "{2CC046CA-B38F-478F-B20E-EECB76891130}"
EndProject
Project("{FAE04EC0-301F-11D3-BF4B-00C04F79EFBC}") = "CustomInterface", "CustomInterface\CustomInterface.csproj", "{3C34DCE4-3EAB-40D6-BF78-27D7A2C7E7A0}"
EndProject
Project("{FAE04EC0-301F-11D3-BF4B-00C04F79EFBC}") = "Delegates", "Delegates\Delegates.csproj", "{91964714-FFA6-4D2F-8ED4-C72C90719713}"
EndProject
Project("{FAE04EC0-301F-11D3-BF4B-00C04F79EFBC}") = "OverridePolymorphism", "OverridePolymorphism\OverridePolymorphism.csproj", "{63775B6A-875E-4AC8-8F79-46AB5A8BDA4F}"
EndProject
Project("{FAE04EC0-301F-11D3-BF4B-00C04F79EFBC}") = "MultilevelInheritance", "MultilevelInheritance\MultilevelInheritance.csproj", "{5B7A2D1E-0918-4E49-86FD-728DE3D23580}"
EndProject
Project("{FAE04EC0-301F-11D3-BF4B-00C04F79EFBC}") = "OverloadingPolymorphism", "OverloadingPolymorphism\OverloadingPolymorphism.csproj", "{1B511A03-A611-4208-BB5A-4C0CD1E7670C}"
EndProject
Project("{FAE04EC0-301F-11D3-BF4B-00C04F79EFBC}") = "OverrideInheritance", "OverrideInheritance\OverrideInheritance.csproj", "{53833A4F-8232-4273-B2DA-0D381DE8E11E}"
EndProject
Global
	GlobalSection(SolutionConfigurationPlatforms) = preSolution
		Debug|Any CPU = Debug|Any CPU
		Release|Any CPU = Release|Any CPU
	EndGlobalSection
	GlobalSection(ProjectConfigurationPlatforms) = postSolution
		{2FF1BAE2-AD92-4683-AF28-25A2D5858D1A}.Debug|Any CPU.ActiveCfg = Debug|Any CPU
		{2FF1BAE2-AD92-4683-AF28-25A2D5858D1A}.Debug|Any CPU.Build.0 = Debug|Any CPU
		{2FF1BAE2-AD92-4683-AF28-25A2D5858D1A}.Release|Any CPU.ActiveCfg = Release|Any CPU
		{2FF1BAE2-AD92-4683-AF28-25A2D5858D1A}.Release|Any CPU.Build.0 = Release|Any CPU
		{4D10A393-316B-4F52-9A70-253B62957ECF}.Debug|Any CPU.ActiveCfg = Debug|Any CPU
		{4D10A393-316B-4F52-9A70-253B62957ECF}.Debug|Any CPU.Build.0 = Debug|Any CPU
		{4D10A393-316B-4F52-9A70-253B62957ECF}.Release|Any CPU.ActiveCfg = Release|Any CPU
		{4D10A393-316B-4F52-9A70-253B62957ECF}.Release|Any CPU.Build.0 = Release|Any CPU
		{2CC046CA-B38F-478F-B20E-EECB76891130}.Debug|Any CPU.ActiveCfg = Debug|Any CPU
		{2CC046CA-B38F-478F-B20E-EECB76891130}.Debug|Any CPU.Build.0 = Debug|Any CPU
		{2CC046CA-B38F-478F-B20E-EECB76891130}.Release|Any CPU.ActiveCfg = Release|Any CPU
		{2CC046CA-B38F-478F-B20E-EECB76891130}.Release|Any CPU.Build.0 = Release|Any CPU
		{3C34DCE4-3EAB-40D6-BF78-27D7A2C7E7A0}.Debug|Any CPU.ActiveCfg = Debug|Any CPU
		{3C34DCE4-3EAB-40D6-BF78-27D7A2C7E7A0}.Debug|Any CPU.Build.0 = Debug|Any CPU
		{3C34DCE4-3EAB-40D6-BF78-27D7A2C7E7A0}.Release|Any CPU.ActiveCfg = Release|Any CPU
		{3C34DCE4-3EAB-40D6-BF78-27D7A2C7E7A0}.Release|Any CPU.Build.0 = Release|Any CPU
		{91964714-FFA6-4D2F-8ED4-C72C90719713}.Debug|Any CPU.ActiveCfg = Debug|Any CPU
		{91964714-FFA6-4D2F-8ED4-C72C90719713}.Debug|Any CPU.Build.0 = Debug|Any CPU
		{91964714-FFA6-4D2F-8ED4-C72C90719713}.Release|Any CPU.ActiveCfg = Release|Any CPU
		{91964714-FFA6-4D2F-8ED4-C72C90719713}.Release|Any CPU.Build.0 = Release|Any CPU
		{63775B6A-875E-4AC8-8F79-46AB5A8BDA4F}.Debug|Any CPU.ActiveCfg = Debug|Any CPU
		{63775B6A-875E-4AC8-8F79-46AB5A8BDA4F}.Debug|Any CPU.Build.0 = Debug|Any CPU
		{63775B6A-875E-4AC8-8F79-46AB5A8BDA4F}.Release|Any CPU.ActiveCfg = Release|Any CPU
		{63775B6A-875E-4AC8-8F79-46AB5A8BDA4F}.Release|Any CPU.Build.0 = Release|Any CPU
		{5B7A2D1E-0918-4E49-86FD-728DE3D23580}.Debug|Any CPU.ActiveCfg = Debug|Any CPU
		{5B7A2D1E-0918-4E49-86FD-728DE3D23580}.Debug|Any CPU.Build.0 = Debug|Any CPU
		{5B7A2D1E-0918-4E49-86FD-728DE3D23580}.Release|Any CPU.ActiveCfg = Release|Any CPU
		{5B7A2D1E-0918-4E49-86FD-728DE3D23580}.Release|Any CPU.Build.0 = Release|Any CPU
		{1B511A03-A611-4208-BB5A-4C0CD1E7670C}.Debug|Any CPU.ActiveCfg = Debug|Any CPU
		{1B511A03-A611-4208-BB5A-4C0CD1E7670C}.Debug|Any CPU.Build.0 = Debug|Any CPU
		{1B511A03-A611-4208-BB5A-4C0CD1E7670C}.Release|Any CPU.ActiveCfg = Release|Any CPU
		{1B511A03-A611-4208-BB5A-4C0CD1E7670C}.Release|Any CPU.Build.0 = Release|Any CPU
		{53833A4F-8232-4273-B2DA-0D381DE8E11E}.Debug|Any CPU.ActiveCfg = Debug|Any CPU
		{53833A4F-8232-4273-B2DA-0D381DE8E11E}.Debug|Any CPU.Build.0 = Debug|Any CPU
		{53833A4F-8232-4273-B2DA-0D381DE8E11E}.Release|Any CPU.ActiveCfg = Release|Any CPU
		{53833A4F-8232-4273-B2DA-0D381DE8E11E}.Release|Any CPU.Build.0 = Release|Any CPU
	EndGlobalSection
	GlobalSection(SolutionProperties) = preSolution
		HideSolutionNode = FALSE
	EndGlobalSection
	GlobalSection(ExtensibilityGlobals) = postSolution
		SolutionGuid = {ADAB2BF1-0B7B-4E04-BC9B-52E77DF53B84}
	EndGlobalSection
EndGlobal
